
Microsoft Visual Studio Solution File, Format Version 12.00
Project("{FAE04EC0-301F-11D3-BF4B-00C04F79EFBC}") = "VRisingCraftingPlanner", "VRisingCraftingPlanner\VRisingCraftingPlanner.csproj", "{95693CA2-5532-4752-8AA5-CCAC40890EF6}"
EndProject
Global
	GlobalSection(SolutionConfigurationPlatforms) = preSolution
		Debug|Any CPU = Debug|Any CPU
		Release|Any CPU = Release|Any CPU
	EndGlobalSection
	GlobalSection(ProjectConfigurationPlatforms) = postSolution
		{95693CA2-5532-4752-8AA5-CCAC40890EF6}.Debug|Any CPU.ActiveCfg = Debug|Any CPU
		{95693CA2-5532-4752-8AA5-CCAC40890EF6}.Debug|Any CPU.Build.0 = Debug|Any CPU
		{95693CA2-5532-4752-8AA5-CCAC40890EF6}.Release|Any CPU.ActiveCfg = Release|Any CPU
		{95693CA2-5532-4752-8AA5-CCAC40890EF6}.Release|Any CPU.Build.0 = Release|Any CPU
	EndGlobalSection
EndGlobal
